
Microsoft Visual Studio Solution File, Format Version 12.00
# Visual Studio Version 16
VisualStudioVersion = 16.0.31410.357
MinimumVisualStudioVersion = 10.0.40219.1
Project("{FAE04EC0-301F-11D3-BF4B-00C04F79EFBC}") = "Lekadex", "Lekadex.csproj", "{3FA04694-5317-43A1-A528-19531B9B5D40}"
EndProject
Project("{FAE04EC0-301F-11D3-BF4B-00C04F79EFBC}") = "Lekadex.Core", "..\Lekadex.Core\Lekadex.Core.csproj", "{6632FE43-7977-48CC-80E1-47EBF987C493}"
EndProject
Project("{FAE04EC0-301F-11D3-BF4B-00C04F79EFBC}") = "Lekadex.Database", "..\Lekadex.Database\Lekadex.Database.csproj", "{FE79359D-11C0-40C8-96D1-5B0125BDC629}"
EndProject
Global
	GlobalSection(SolutionConfigurationPlatforms) = preSolution
		Debug|Any CPU = Debug|Any CPU
		Release|Any CPU = Release|Any CPU
	EndGlobalSection
	GlobalSection(ProjectConfigurationPlatforms) = postSolution
		{3FA04694-5317-43A1-A528-19531B9B5D40}.Debug|Any CPU.ActiveCfg = Debug|Any CPU
		{3FA04694-5317-43A1-A528-19531B9B5D40}.Debug|Any CPU.Build.0 = Debug|Any CPU
		{3FA04694-5317-43A1-A528-19531B9B5D40}.Release|Any CPU.ActiveCfg = Release|Any CPU
		{3FA04694-5317-43A1-A528-19531B9B5D40}.Release|Any CPU.Build.0 = Release|Any CPU
		{6632FE43-7977-48CC-80E1-47EBF987C493}.Debug|Any CPU.ActiveCfg = Debug|Any CPU
		{6632FE43-7977-48CC-80E1-47EBF987C493}.Debug|Any CPU.Build.0 = Debug|Any CPU
		{6632FE43-7977-48CC-80E1-47EBF987C493}.Release|Any CPU.ActiveCfg = Release|Any CPU
		{6632FE43-7977-48CC-80E1-47EBF987C493}.Release|Any CPU.Build.0 = Release|Any CPU
		{FE79359D-11C0-40C8-96D1-5B0125BDC629}.Debug|Any CPU.ActiveCfg = Debug|Any CPU
		{FE79359D-11C0-40C8-96D1-5B0125BDC629}.Debug|Any CPU.Build.0 = Debug|Any CPU
		{FE79359D-11C0-40C8-96D1-5B0125BDC629}.Release|Any CPU.ActiveCfg = Release|Any CPU
		{FE79359D-11C0-40C8-96D1-5B0125BDC629}.Release|Any CPU.Build.0 = Release|Any CPU
	EndGlobalSection
	GlobalSection(SolutionProperties) = preSolution
		HideSolutionNode = FALSE
	EndGlobalSection
	GlobalSection(ExtensibilityGlobals) = postSolution
		SolutionGuid = {17AFA75F-5F1C-49E9-97AE-0EFC7CC0C89D}
	EndGlobalSection
EndGlobal
